
Microsoft Visual Studio Solution File, Format Version 12.00
# Visual Studio Version 16
VisualStudioVersion = 16.0.31005.135
MinimumVisualStudioVersion = 10.0.40219.1
Project("{FAE04EC0-301F-11D3-BF4B-00C04F79EFBC}") = "013 Primos o no", "013 Primos o no.csproj", "{F4BD3DA6-924B-4E6C-AD09-45448C2D7395}"
EndProject
Global
	GlobalSection(SolutionConfigurationPlatforms) = preSolution
		Debug|Any CPU = Debug|Any CPU
		Release|Any CPU = Release|Any CPU
	EndGlobalSection
	GlobalSection(ProjectConfigurationPlatforms) = postSolution
		{F4BD3DA6-924B-4E6C-AD09-45448C2D7395}.Debug|Any CPU.ActiveCfg = Debug|Any CPU
		{F4BD3DA6-924B-4E6C-AD09-45448C2D7395}.Debug|Any CPU.Build.0 = Debug|Any CPU
		{F4BD3DA6-924B-4E6C-AD09-45448C2D7395}.Release|Any CPU.ActiveCfg = Release|Any CPU
		{F4BD3DA6-924B-4E6C-AD09-45448C2D7395}.Release|Any CPU.Build.0 = Release|Any CPU
	EndGlobalSection
	GlobalSection(SolutionProperties) = preSolution
		HideSolutionNode = FALSE
	EndGlobalSection
	GlobalSection(ExtensibilityGlobals) = postSolution
		SolutionGuid = {46F09260-5E34-4829-8C1D-4F3CE1DD6D45}
	EndGlobalSection
EndGlobal
