
Microsoft Visual Studio Solution File, Format Version 12.00
# Visual Studio Version 16
VisualStudioVersion = 16.0.31005.135
MinimumVisualStudioVersion = 10.0.40219.1
Project("{FAE04EC0-301F-11D3-BF4B-00C04F79EFBC}") = "014 Listas A fondo", "014 Listas A fondo.csproj", "{06D8DA47-1E4A-4A61-ABEC-BB67770A0FF5}"
EndProject
Global
	GlobalSection(SolutionConfigurationPlatforms) = preSolution
		Debug|Any CPU = Debug|Any CPU
		Release|Any CPU = Release|Any CPU
	EndGlobalSection
	GlobalSection(ProjectConfigurationPlatforms) = postSolution
		{06D8DA47-1E4A-4A61-ABEC-BB67770A0FF5}.Debug|Any CPU.ActiveCfg = Debug|Any CPU
		{06D8DA47-1E4A-4A61-ABEC-BB67770A0FF5}.Debug|Any CPU.Build.0 = Debug|Any CPU
		{06D8DA47-1E4A-4A61-ABEC-BB67770A0FF5}.Release|Any CPU.ActiveCfg = Release|Any CPU
		{06D8DA47-1E4A-4A61-ABEC-BB67770A0FF5}.Release|Any CPU.Build.0 = Release|Any CPU
	EndGlobalSection
	GlobalSection(SolutionProperties) = preSolution
		HideSolutionNode = FALSE
	EndGlobalSection
	GlobalSection(ExtensibilityGlobals) = postSolution
		SolutionGuid = {4CA80812-2134-4760-869F-7F6CD9CAC7A9}
	EndGlobalSection
EndGlobal
